
Microsoft Visual Studio Solution File, Format Version 12.00
# Visual Studio Version 17
VisualStudioVersion = 17.0.31903.59
MinimumVisualStudioVersion = 10.0.40219.1
Project("{9A19103F-16F7-4668-BE54-9A1E7A4F7556}") = "SpecFlowTest", "SpecFlowTest\SpecFlowTest.csproj", "{3B10602F-55B9-4591-84E9-DA938E664821}"
EndProject
Project("{FAE04EC0-301F-11D3-BF4B-00C04F79EFBC}") = "SpecFlowTest.Test.Acceptance", "SpecFlowTest.Test.Acceptance\SpecFlowTest.Test.Acceptance.csproj", "{DC89570D-73B2-429F-8D20-35A21DFB45F3}"
EndProject
Global
	GlobalSection(SolutionConfigurationPlatforms) = preSolution
		Debug|Any CPU = Debug|Any CPU
		Release|Any CPU = Release|Any CPU
	EndGlobalSection
	GlobalSection(ProjectConfigurationPlatforms) = postSolution
		{3B10602F-55B9-4591-84E9-DA938E664821}.Debug|Any CPU.ActiveCfg = Debug|Any CPU
		{3B10602F-55B9-4591-84E9-DA938E664821}.Debug|Any CPU.Build.0 = Debug|Any CPU
		{3B10602F-55B9-4591-84E9-DA938E664821}.Release|Any CPU.ActiveCfg = Release|Any CPU
		{3B10602F-55B9-4591-84E9-DA938E664821}.Release|Any CPU.Build.0 = Release|Any CPU
		{DC89570D-73B2-429F-8D20-35A21DFB45F3}.Debug|Any CPU.ActiveCfg = Debug|Any CPU
		{DC89570D-73B2-429F-8D20-35A21DFB45F3}.Debug|Any CPU.Build.0 = Debug|Any CPU
		{DC89570D-73B2-429F-8D20-35A21DFB45F3}.Release|Any CPU.ActiveCfg = Release|Any CPU
		{DC89570D-73B2-429F-8D20-35A21DFB45F3}.Release|Any CPU.Build.0 = Release|Any CPU
	EndGlobalSection
	GlobalSection(SolutionProperties) = preSolution
		HideSolutionNode = FALSE
	EndGlobalSection
	GlobalSection(ExtensibilityGlobals) = postSolution
		SolutionGuid = {A39424E3-8424-4104-93CC-B47372DCA14E}
	EndGlobalSection
EndGlobal
